
Microsoft Visual Studio Solution File, Format Version 12.00
# Visual Studio Version 16
VisualStudioVersion = 16.0.29418.71
MinimumVisualStudioVersion = 10.0.40219.1
Project("{9A19103F-16F7-4668-BE54-9A1E7A4F7556}") = "AI_NETCORE_API", "AI_NETCORE_API\AI_NETCORE_API.csproj", "{95FCD14E-B422-4B96-A4F1-F8895430671B}"
EndProject
Project("{9A19103F-16F7-4668-BE54-9A1E7A4F7556}") = "Data", "Data\Data.csproj", "{F191EAAE-3C7A-42D4-9EA6-90A96F573C30}"
EndProject
Project("{9A19103F-16F7-4668-BE54-9A1E7A4F7556}") = "Domain", "Domain\Domain.csproj", "{396E8522-3D4E-4D55-8945-A50E54068183}"
EndProject
Global
	GlobalSection(SolutionConfigurationPlatforms) = preSolution
		Debug|Any CPU = Debug|Any CPU
		Release|Any CPU = Release|Any CPU
	EndGlobalSection
	GlobalSection(ProjectConfigurationPlatforms) = postSolution
		{95FCD14E-B422-4B96-A4F1-F8895430671B}.Debug|Any CPU.ActiveCfg = Debug|Any CPU
		{95FCD14E-B422-4B96-A4F1-F8895430671B}.Debug|Any CPU.Build.0 = Debug|Any CPU
		{95FCD14E-B422-4B96-A4F1-F8895430671B}.Release|Any CPU.ActiveCfg = Release|Any CPU
		{95FCD14E-B422-4B96-A4F1-F8895430671B}.Release|Any CPU.Build.0 = Release|Any CPU
		{F191EAAE-3C7A-42D4-9EA6-90A96F573C30}.Debug|Any CPU.ActiveCfg = Debug|Any CPU
		{F191EAAE-3C7A-42D4-9EA6-90A96F573C30}.Debug|Any CPU.Build.0 = Debug|Any CPU
		{F191EAAE-3C7A-42D4-9EA6-90A96F573C30}.Release|Any CPU.ActiveCfg = Release|Any CPU
		{F191EAAE-3C7A-42D4-9EA6-90A96F573C30}.Release|Any CPU.Build.0 = Release|Any CPU
		{396E8522-3D4E-4D55-8945-A50E54068183}.Debug|Any CPU.ActiveCfg = Debug|Any CPU
		{396E8522-3D4E-4D55-8945-A50E54068183}.Debug|Any CPU.Build.0 = Debug|Any CPU
		{396E8522-3D4E-4D55-8945-A50E54068183}.Release|Any CPU.ActiveCfg = Release|Any CPU
		{396E8522-3D4E-4D55-8945-A50E54068183}.Release|Any CPU.Build.0 = Release|Any CPU
	EndGlobalSection
	GlobalSection(SolutionProperties) = preSolution
		HideSolutionNode = FALSE
	EndGlobalSection
	GlobalSection(ExtensibilityGlobals) = postSolution
		SolutionGuid = {FFAFA470-A77B-4276-8DF7-3190F83BC15F}
	EndGlobalSection
EndGlobal
