
Microsoft Visual Studio Solution File, Format Version 12.00
# Visual Studio 15
VisualStudioVersion = 15.0.28307.852
MinimumVisualStudioVersion = 10.0.40219.1
Project("{9A19103F-16F7-4668-BE54-9A1E7A4F7556}") = "AI_NETCORE_API", "AI_NETCORE_API\AI_NETCORE_API.csproj", "{95FCD14E-B422-4B96-A4F1-F8895430671B}"
EndProject
Project("{9A19103F-16F7-4668-BE54-9A1E7A4F7556}") = "Data", "Domain\Data.csproj", "{873C0DB7-2F42-4090-AE76-4BE5BBE96558}"
EndProject
Project("{9A19103F-16F7-4668-BE54-9A1E7A4F7556}") = "Domain", "Data\Domain.csproj", "{C15C4276-82BD-4300-9A9D-2941626E214F}"
EndProject
Global
	GlobalSection(SolutionConfigurationPlatforms) = preSolution
		Debug|Any CPU = Debug|Any CPU
		Release|Any CPU = Release|Any CPU
	EndGlobalSection
	GlobalSection(ProjectConfigurationPlatforms) = postSolution
		{95FCD14E-B422-4B96-A4F1-F8895430671B}.Debug|Any CPU.ActiveCfg = Debug|Any CPU
		{95FCD14E-B422-4B96-A4F1-F8895430671B}.Debug|Any CPU.Build.0 = Debug|Any CPU
		{95FCD14E-B422-4B96-A4F1-F8895430671B}.Release|Any CPU.ActiveCfg = Release|Any CPU
		{95FCD14E-B422-4B96-A4F1-F8895430671B}.Release|Any CPU.Build.0 = Release|Any CPU
		{873C0DB7-2F42-4090-AE76-4BE5BBE96558}.Debug|Any CPU.ActiveCfg = Debug|Any CPU
		{873C0DB7-2F42-4090-AE76-4BE5BBE96558}.Debug|Any CPU.Build.0 = Debug|Any CPU
		{873C0DB7-2F42-4090-AE76-4BE5BBE96558}.Release|Any CPU.ActiveCfg = Release|Any CPU
		{873C0DB7-2F42-4090-AE76-4BE5BBE96558}.Release|Any CPU.Build.0 = Release|Any CPU
		{C15C4276-82BD-4300-9A9D-2941626E214F}.Debug|Any CPU.ActiveCfg = Debug|Any CPU
		{C15C4276-82BD-4300-9A9D-2941626E214F}.Debug|Any CPU.Build.0 = Debug|Any CPU
		{C15C4276-82BD-4300-9A9D-2941626E214F}.Release|Any CPU.ActiveCfg = Release|Any CPU
		{C15C4276-82BD-4300-9A9D-2941626E214F}.Release|Any CPU.Build.0 = Release|Any CPU
	EndGlobalSection
	GlobalSection(SolutionProperties) = preSolution
		HideSolutionNode = FALSE
	EndGlobalSection
	GlobalSection(ExtensibilityGlobals) = postSolution
		SolutionGuid = {FFAFA470-A77B-4276-8DF7-3190F83BC15F}
	EndGlobalSection
EndGlobal
